
Microsoft Visual Studio Solution File, Format Version 12.00
# Visual Studio Version 16
VisualStudioVersion = 16.0.31410.357
MinimumVisualStudioVersion = 10.0.40219.1
Project("{FAE04EC0-301F-11D3-BF4B-00C04F79EFBC}") = "УчетКТ", "УчетКТ\УчетКТ.csproj", "{7A847398-081F-48DE-AD0B-B4924EAFF992}"
EndProject
Global
	GlobalSection(SolutionConfigurationPlatforms) = preSolution
		Debug|Any CPU = Debug|Any CPU
		Release|Any CPU = Release|Any CPU
	EndGlobalSection
	GlobalSection(ProjectConfigurationPlatforms) = postSolution
		{7A847398-081F-48DE-AD0B-B4924EAFF992}.Debug|Any CPU.ActiveCfg = Debug|Any CPU
		{7A847398-081F-48DE-AD0B-B4924EAFF992}.Debug|Any CPU.Build.0 = Debug|Any CPU
		{7A847398-081F-48DE-AD0B-B4924EAFF992}.Release|Any CPU.ActiveCfg = Release|Any CPU
		{7A847398-081F-48DE-AD0B-B4924EAFF992}.Release|Any CPU.Build.0 = Release|Any CPU
	EndGlobalSection
	GlobalSection(SolutionProperties) = preSolution
		HideSolutionNode = FALSE
	EndGlobalSection
	GlobalSection(ExtensibilityGlobals) = postSolution
		SolutionGuid = {64809095-15AC-4AA6-9E5E-C3E356117288}
	EndGlobalSection
EndGlobal
